
Microsoft Visual Studio Solution File, Format Version 12.00
# Visual Studio Version 17
VisualStudioVersion = 17.10.35201.131
MinimumVisualStudioVersion = 10.0.40219.1
Project("{9A19103F-16F7-4668-BE54-9A1E7A4F7556}") = "DockerComposeTesting.Web", "DockerComposeTesting.Web\DockerComposeTesting.Web.csproj", "{DA9DBD82-B683-41D7-B89F-D98E5AA7B958}"
EndProject
Project("{9A19103F-16F7-4668-BE54-9A1E7A4F7556}") = "DockerComposeTesting.Core", "DockerComposeTesting.Core\DockerComposeTesting.Core.csproj", "{15640613-FF4A-43A9-B7D2-BD4F3566DE52}"
EndProject
Project("{9A19103F-16F7-4668-BE54-9A1E7A4F7556}") = "DockerComposeTesting.Data", "DockerComposeTesting.Data\DockerComposeTesting.Data.csproj", "{7A56594F-2DEE-4F98-BE1A-EBC2741B5F9F}"
EndProject
Project("{E53339B2-1760-4266-BCC7-CA923CBCF16C}") = "docker-compose", "docker-compose.dcproj", "{B3287050-BA98-4725-BFA1-187BF48C7465}"
EndProject
Project("{9A19103F-16F7-4668-BE54-9A1E7A4F7556}") = "DockerComposeTesting.Tests", "DockerComposeTesting.Tests\DockerComposeTesting.Tests.csproj", "{71D26C30-9A7D-4B6F-8866-084B0FF0D13C}"
EndProject
Global
	GlobalSection(SolutionConfigurationPlatforms) = preSolution
		Debug|Any CPU = Debug|Any CPU
		Release|Any CPU = Release|Any CPU
	EndGlobalSection
	GlobalSection(ProjectConfigurationPlatforms) = postSolution
		{DA9DBD82-B683-41D7-B89F-D98E5AA7B958}.Debug|Any CPU.ActiveCfg = Debug|Any CPU
		{DA9DBD82-B683-41D7-B89F-D98E5AA7B958}.Debug|Any CPU.Build.0 = Debug|Any CPU
		{DA9DBD82-B683-41D7-B89F-D98E5AA7B958}.Release|Any CPU.ActiveCfg = Release|Any CPU
		{DA9DBD82-B683-41D7-B89F-D98E5AA7B958}.Release|Any CPU.Build.0 = Release|Any CPU
		{15640613-FF4A-43A9-B7D2-BD4F3566DE52}.Debug|Any CPU.ActiveCfg = Debug|Any CPU
		{15640613-FF4A-43A9-B7D2-BD4F3566DE52}.Debug|Any CPU.Build.0 = Debug|Any CPU
		{15640613-FF4A-43A9-B7D2-BD4F3566DE52}.Release|Any CPU.ActiveCfg = Release|Any CPU
		{15640613-FF4A-43A9-B7D2-BD4F3566DE52}.Release|Any CPU.Build.0 = Release|Any CPU
		{7A56594F-2DEE-4F98-BE1A-EBC2741B5F9F}.Debug|Any CPU.ActiveCfg = Debug|Any CPU
		{7A56594F-2DEE-4F98-BE1A-EBC2741B5F9F}.Debug|Any CPU.Build.0 = Debug|Any CPU
		{7A56594F-2DEE-4F98-BE1A-EBC2741B5F9F}.Release|Any CPU.ActiveCfg = Release|Any CPU
		{7A56594F-2DEE-4F98-BE1A-EBC2741B5F9F}.Release|Any CPU.Build.0 = Release|Any CPU
		{B3287050-BA98-4725-BFA1-187BF48C7465}.Debug|Any CPU.ActiveCfg = Debug|Any CPU
		{B3287050-BA98-4725-BFA1-187BF48C7465}.Debug|Any CPU.Build.0 = Debug|Any CPU
		{B3287050-BA98-4725-BFA1-187BF48C7465}.Release|Any CPU.ActiveCfg = Release|Any CPU
		{B3287050-BA98-4725-BFA1-187BF48C7465}.Release|Any CPU.Build.0 = Release|Any CPU
		{71D26C30-9A7D-4B6F-8866-084B0FF0D13C}.Debug|Any CPU.ActiveCfg = Debug|Any CPU
		{71D26C30-9A7D-4B6F-8866-084B0FF0D13C}.Debug|Any CPU.Build.0 = Debug|Any CPU
		{71D26C30-9A7D-4B6F-8866-084B0FF0D13C}.Release|Any CPU.ActiveCfg = Release|Any CPU
		{71D26C30-9A7D-4B6F-8866-084B0FF0D13C}.Release|Any CPU.Build.0 = Release|Any CPU
	EndGlobalSection
	GlobalSection(SolutionProperties) = preSolution
		HideSolutionNode = FALSE
	EndGlobalSection
	GlobalSection(ExtensibilityGlobals) = postSolution
		SolutionGuid = {307392B5-93C2-4DEC-A7CD-FEBB0F2F3B4F}
	EndGlobalSection
EndGlobal
